{
  "name": "@vilja/rmmz-types",
  "version": "1.5.0",
  "lockfileVersion": 2,
  "requires": true,
  "packages": {
    "": {
      "name": "@vilja/rmmz-types",
      "version": "1.5.0",
      "dependencies": {
        "@types/node": "^13.13.52",
        "@types/nw.gui": "^0.0.21",
        "@types/pako": "^2.0.0",
        "@types/pixi.js": "^5.0.0",
        "localforage": "^1.10.0"
      }
    },
    "node_modules/@pixi/accessibility": {
      "version": "5.2.4",
      "resolved": "https://registry.npmjs.org/@pixi/accessibility/-/accessibility-5.2.4.tgz",
      "integrity": "sha512-NaHYuUqD4vmYRTvleQpR2Rc7mYHgreX+WYCXYa8gQghoTa1J1zfbFvYJaby3gubuVmNG2eyzjlKIVUeIrVuJCg==",
      "dependencies": {
        "@pixi/core": "5.2.4",
        "@pixi/display": "5.2.4",
        "@pixi/utils": "5.2.4"
      }
    },
    "node_modules/@pixi/app": {
      "version": "5.2.4",
      "resolved": "https://registry.npmjs.org/@pixi/app/-/app-5.2.4.tgz",
      "integrity": "sha512-3BSp1uZJUnctTqsvmVqIRXwS0Uq2GInVvWmrZQF7+6O5neADVX4Ba7ENh7CnmuPXnMPmwxt1788I20aUi3ld1Q==",
      "dependencies": {
        "@pixi/core": "5.2.4",
        "@pixi/display": "5.2.4"
      }
    },
    "node_modules/@pixi/constants": {
      "version": "5.2.4",
      "resolved": "https://registry.npmjs.org/@pixi/constants/-/constants-5.2.4.tgz",
      "integrity": "sha512-+sMfU57VTQb5DkDtndCBg3PzyC8NxZJvg/R76tuopkZZ5AgI4aAE6hNMs0JzvalzYNIampzwpdZ1gz5UKvL1dQ=="
    },
    "node_modules/@pixi/core": {
      "version": "5.2.4",
      "resolved": "https://registry.npmjs.org/@pixi/core/-/core-5.2.4.tgz",
      "integrity": "sha512-3RXoqtMqCGZFDLNiBp1l6HAnnNvKsCn3D4m3NvrrIhcaPFxD8bSPZaHEaTq6BaStOGWhpofRy+RLtFfYciQLiA==",
      "dependencies": {
        "@pixi/constants": "5.2.4",
        "@pixi/display": "5.2.4",
        "@pixi/math": "5.2.4",
        "@pixi/runner": "5.2.4",
        "@pixi/settings": "5.2.4",
        "@pixi/ticker": "5.2.4",
        "@pixi/utils": "5.2.4"
      },
      "funding": {
        "type": "opencollective",
        "url": "https://opencollective.com/pixijs"
      }
    },
    "node_modules/@pixi/display": {
      "version": "5.2.4",
      "resolved": "https://registry.npmjs.org/@pixi/display/-/display-5.2.4.tgz",
      "integrity": "sha512-VndYAcumBeHCJuUZ4HaCTFZ4+T7Ncemam9FcAsMqlu3P9BCu8LMuARv0lLKWIV0jz+nBF7qKzLfpJoNYF64Mgw==",
      "dependencies": {
        "@pixi/math": "5.2.4",
        "@pixi/settings": "5.2.4",
        "@pixi/utils": "5.2.4"
      }
    },
    "node_modules/@pixi/extract": {
      "version": "5.2.4",
      "resolved": "https://registry.npmjs.org/@pixi/extract/-/extract-5.2.4.tgz",
      "integrity": "sha512-en9ZIa+9k0owQxQPj5U5jT1GaDAAqOn5mlF6Pn6xXOkRi8npUnpj1zpNtcG0kn8ZMufJVmyyI33lMl6NPzLzsQ==",
      "dependencies": {
        "@pixi/core": "5.2.4",
        "@pixi/math": "5.2.4",
        "@pixi/utils": "5.2.4"
      }
    },
    "node_modules/@pixi/filter-alpha": {
      "version": "5.2.4",
      "resolved": "https://registry.npmjs.org/@pixi/filter-alpha/-/filter-alpha-5.2.4.tgz",
      "integrity": "sha512-WdQyqPUM60z16pXH+aAWwy/Xrfx/Qgb9kf3GRAQq77WsxbrFVY/DGfakxNa+jDuSlS4fBIKx66iLnoLlOzA6iQ==",
      "dependencies": {
        "@pixi/core": "5.2.4"
      }
    },
    "node_modules/@pixi/filter-blur": {
      "version": "5.2.4",
      "resolved": "https://registry.npmjs.org/@pixi/filter-blur/-/filter-blur-5.2.4.tgz",
      "integrity": "sha512-9uDr7QIRpuhxdZsO76AddIP2x2MbcQvErQjmjQEfLsectbCLdkRWjHPoLzFfARb58lNzT0Pe5EMVPI91usa1pA==",
      "dependencies": {
        "@pixi/core": "5.2.4",
        "@pixi/settings": "5.2.4"
      }
    },
    "node_modules/@pixi/filter-color-matrix": {
      "version": "5.2.4",
      "resolved": "https://registry.npmjs.org/@pixi/filter-color-matrix/-/filter-color-matrix-5.2.4.tgz",
      "integrity": "sha512-3JQVtKb43SLticOWhIoWWykNCh2MK/wb4/p88LYew3kAUyfA2glZ+t2moYC3HAye3tsrc155go6m7Hqabpl/yQ==",
      "dependencies": {
        "@pixi/core": "5.2.4"
      }
    },
    "node_modules/@pixi/filter-displacement": {
      "version": "5.2.4",
      "resolved": "https://registry.npmjs.org/@pixi/filter-displacement/-/filter-displacement-5.2.4.tgz",
      "integrity": "sha512-nDQ6PcVbHcs0EJu5chtqzI6gF92K34JgfUSrr5pnLwwzbwr2/KQjgRPyRXLLv2rj/HU8pzNLzqRXBWP4qewu6w==",
      "dependencies": {
        "@pixi/core": "5.2.4",
        "@pixi/math": "5.2.4"
      }
    },
    "node_modules/@pixi/filter-fxaa": {
      "version": "5.2.4",
      "resolved": "https://registry.npmjs.org/@pixi/filter-fxaa/-/filter-fxaa-5.2.4.tgz",
      "integrity": "sha512-sikOIA6iw/9MejbFL6AZqO6KP9l6QyXYUH2RQVk7zGG75aps4zVXPHgUnz9aT1YASuaWBVP9+ViQPdW2NM5a6g==",
      "dependencies": {
        "@pixi/core": "5.2.4"
      }
    },
    "node_modules/@pixi/filter-noise": {
      "version": "5.2.4",
      "resolved": "https://registry.npmjs.org/@pixi/filter-noise/-/filter-noise-5.2.4.tgz",
      "integrity": "sha512-VcI16NVwrFIDRlLke+BZQid96rKxysTavL/qexa7uHxnxxOwdXthpBA/uOQ6eNde4DJyeBAhnyldUM9ydPeOXQ==",
      "dependencies": {
        "@pixi/core": "5.2.4"
      }
    },
    "node_modules/@pixi/graphics": {
      "version": "5.2.4",
      "resolved": "https://registry.npmjs.org/@pixi/graphics/-/graphics-5.2.4.tgz",
      "integrity": "sha512-jASQ2M9+Zzm4GmBE+h6lw30xY/0N1GjAn2Dxd8LJZoeeUjAoVQYbN1CavecPGMRW/Rd0QkkHB5B8iWqZX2Uuxg==",
      "dependencies": {
        "@pixi/constants": "5.2.4",
        "@pixi/core": "5.2.4",
        "@pixi/display": "5.2.4",
        "@pixi/math": "5.2.4",
        "@pixi/sprite": "5.2.4",
        "@pixi/utils": "5.2.4"
      }
    },
    "node_modules/@pixi/interaction": {
      "version": "5.2.4",
      "resolved": "https://registry.npmjs.org/@pixi/interaction/-/interaction-5.2.4.tgz",
      "integrity": "sha512-c6EzDRcCFmixpRuwY4xIr9I0ppxmkp8b8mP3qSwvMkY5vsMXazhshhtw0SwTA5mdG6vGV93DnZIevFr+qLvA/Q==",
      "dependencies": {
        "@pixi/core": "5.2.4",
        "@pixi/display": "5.2.4",
        "@pixi/math": "5.2.4",
        "@pixi/ticker": "5.2.4",
        "@pixi/utils": "5.2.4"
      }
    },
    "node_modules/@pixi/loaders": {
      "version": "5.2.4",
      "resolved": "https://registry.npmjs.org/@pixi/loaders/-/loaders-5.2.4.tgz",
      "integrity": "sha512-MeQd59+sB1ZGhpKGY0w3Ef8cFiWm/yv22MDVM3Hqg1VCu81NjiUrJUGUGALIU8CXI3NfiT+J1zyddslmyJJZjQ==",
      "dependencies": {
        "@pixi/core": "5.2.4",
        "@pixi/utils": "5.2.4",
        "resource-loader": "^3.0.1"
      }
    },
    "node_modules/@pixi/math": {
      "version": "5.2.4",
      "resolved": "https://registry.npmjs.org/@pixi/math/-/math-5.2.4.tgz",
      "integrity": "sha512-X7tRbNYuc8c/2GyUhe7togF5rflyU4k9ny8aRmvmIHZsJGFU0w+DmCSCnrHm7b6sQvhu6pXQPGQUADPOBtvb+g=="
    },
    "node_modules/@pixi/mesh": {
      "version": "5.2.4",
      "resolved": "https://registry.npmjs.org/@pixi/mesh/-/mesh-5.2.4.tgz",
      "integrity": "sha512-OS/KcPgftOh6eE4ZHyC3dCc8nNbOXOq0Va69kwUTfHZLi63vjz03hXiYY/KRJ4tds9+/zCjLeLoBBglqLBBuvg==",
      "dependencies": {
        "@pixi/constants": "5.2.4",
        "@pixi/core": "5.2.4",
        "@pixi/display": "5.2.4",
        "@pixi/math": "5.2.4",
        "@pixi/settings": "5.2.4",
        "@pixi/utils": "5.2.4"
      }
    },
    "node_modules/@pixi/mesh-extras": {
      "version": "5.2.4",
      "resolved": "https://registry.npmjs.org/@pixi/mesh-extras/-/mesh-extras-5.2.4.tgz",
      "integrity": "sha512-WQ7H5K4TMeAQyiUJfzZ5UuKY0GF+6JHazhaAc2DhnF5gz2CdvmL0qOiQ4Dad21+VfKzbhC66fP2YfvMHIrWRuw==",
      "dependencies": {
        "@pixi/constants": "5.2.4",
        "@pixi/core": "5.2.4",
        "@pixi/math": "5.2.4",
        "@pixi/mesh": "5.2.4",
        "@pixi/utils": "5.2.4"
      }
    },
    "node_modules/@pixi/mixin-cache-as-bitmap": {
      "version": "5.2.4",
      "resolved": "https://registry.npmjs.org/@pixi/mixin-cache-as-bitmap/-/mixin-cache-as-bitmap-5.2.4.tgz",
      "integrity": "sha512-Ec/GgqFbE3upEnLDfHCoKzGulozLRCRRXpzD3bS4uHjiZfOOdSYuPKb+UGSxvntAkEUv9k+AKff2+pEPLf15ag==",
      "dependencies": {
        "@pixi/core": "5.2.4",
        "@pixi/display": "5.2.4",
        "@pixi/math": "5.2.4",
        "@pixi/settings": "5.2.4",
        "@pixi/sprite": "5.2.4",
        "@pixi/utils": "5.2.4"
      }
    },
    "node_modules/@pixi/mixin-get-child-by-name": {
      "version": "5.2.4",
      "resolved": "https://registry.npmjs.org/@pixi/mixin-get-child-by-name/-/mixin-get-child-by-name-5.2.4.tgz",
      "integrity": "sha512-ykAtO1T1q1nC/VFl2ieB2ivhoCmD7NU5mAvCp3sd1nx1bTnAXuwPkg6IAxvSkGMkDdL1rzmHBFS3SsggLs6GGg==",
      "dependencies": {
        "@pixi/display": "5.2.4"
      }
    },
    "node_modules/@pixi/mixin-get-global-position": {
      "version": "5.2.4",
      "resolved": "https://registry.npmjs.org/@pixi/mixin-get-global-position/-/mixin-get-global-position-5.2.4.tgz",
      "integrity": "sha512-JX3QD3kbxIabnAz+IJxzdO4NWipwiUbMg9ByrPs4Ni/4d8L62DnPG6DFwqbmMA+jsHDHpC1g+ITVpz6Slf0CcQ==",
      "dependencies": {
        "@pixi/display": "5.2.4",
        "@pixi/math": "5.2.4"
      }
    },
    "node_modules/@pixi/particles": {
      "version": "5.2.4",
      "resolved": "https://registry.npmjs.org/@pixi/particles/-/particles-5.2.4.tgz",
      "integrity": "sha512-jjr63o1R0OVXKafmmrYLKxCDqqcfdZcwn2dPn4c22QCtRhIBclyFfcupXnIgDaV4WA9V+exa69+enE5pPEboRw==",
      "dependencies": {
        "@pixi/constants": "5.2.4",
        "@pixi/core": "5.2.4",
        "@pixi/display": "5.2.4",
        "@pixi/math": "5.2.4",
        "@pixi/utils": "5.2.4"
      }
    },
    "node_modules/@pixi/polyfill": {
      "version": "5.2.4",
      "resolved": "https://registry.npmjs.org/@pixi/polyfill/-/polyfill-5.2.4.tgz",
      "integrity": "sha512-XCb1xnRxtGT3ZuvtNVmKrSNszpyuMRtGufqpD0fou3BhonWFscCXZfCvx+vVTSJcztJ4tfP3H7BeatY6dc72Ag==",
      "dependencies": {
        "es6-promise-polyfill": "^1.2.0",
        "object-assign": "^4.1.1"
      }
    },
    "node_modules/@pixi/prepare": {
      "version": "5.2.4",
      "resolved": "https://registry.npmjs.org/@pixi/prepare/-/prepare-5.2.4.tgz",
      "integrity": "sha512-LqVvwBTbSGhJx5lqt5B1plgXGUHhRhWh1Ek+7uBrw10fbUfVb0kH1EUvWyt1wkuap2QKvy6ITzrHsg6pBU8JSQ==",
      "dependencies": {
        "@pixi/core": "5.2.4",
        "@pixi/display": "5.2.4",
        "@pixi/graphics": "5.2.4",
        "@pixi/settings": "5.2.4",
        "@pixi/text": "5.2.4",
        "@pixi/ticker": "5.2.4"
      }
    },
    "node_modules/@pixi/runner": {
      "version": "5.2.4",
      "resolved": "https://registry.npmjs.org/@pixi/runner/-/runner-5.2.4.tgz",
      "integrity": "sha512-VLXZaldao2PT9vM/ea1H6nbUacokRqHbsBWvuJr5ugF+PLY9cGf6L5T6TGyNUuXp2b8RlIKeTxPig3kgL7CS2Q=="
    },
    "node_modules/@pixi/settings": {
      "version": "5.2.4",
      "resolved": "https://registry.npmjs.org/@pixi/settings/-/settings-5.2.4.tgz",
      "integrity": "sha512-jF8oYx5nXNi6D3PdIB2RAKnCrekZ4Xb81KvWSzId2TXTC9p71oMPUqiK8pogaLOhWBUdDsVNNdjiZO2ajTmwOQ==",
      "dependencies": {
        "ismobilejs": "^1.1.0"
      }
    },
    "node_modules/@pixi/sprite": {
      "version": "5.2.4",
      "resolved": "https://registry.npmjs.org/@pixi/sprite/-/sprite-5.2.4.tgz",
      "integrity": "sha512-YsR3D/XxU4XQLXB/MkZ5sSkM24EK1TDBbTSAHjbXJR+PgrP1ZE2oA0MuUwjug4BqZdJH3BTUUZKfUfwY8grXuA==",
      "dependencies": {
        "@pixi/constants": "5.2.4",
        "@pixi/core": "5.2.4",
        "@pixi/display": "5.2.4",
        "@pixi/math": "5.2.4",
        "@pixi/settings": "5.2.4",
        "@pixi/utils": "5.2.4"
      }
    },
    "node_modules/@pixi/sprite-animated": {
      "version": "5.2.4",
      "resolved": "https://registry.npmjs.org/@pixi/sprite-animated/-/sprite-animated-5.2.4.tgz",
      "integrity": "sha512-7+OoaHpLbHKAQe1wlY11u7gNu5KoNINJWGlsc7wFRHOW6QpNaOTaWyttpLQDfrLe0Z+rAawdqj0252nSKWRNPw==",
      "dependencies": {
        "@pixi/core": "5.2.4",
        "@pixi/sprite": "5.2.4",
        "@pixi/ticker": "5.2.4"
      }
    },
    "node_modules/@pixi/sprite-tiling": {
      "version": "5.2.4",
      "resolved": "https://registry.npmjs.org/@pixi/sprite-tiling/-/sprite-tiling-5.2.4.tgz",
      "integrity": "sha512-eCI/L0PvsiEmASQfGH2Wxk0yh+Ze0sNJT5bID1FFZaeOLVvOuRG6dKxEF32RamB/yzrQUyOwQDMtw3Ec3ZY/YQ==",
      "dependencies": {
        "@pixi/constants": "5.2.4",
        "@pixi/core": "5.2.4",
        "@pixi/display": "5.2.4",
        "@pixi/math": "5.2.4",
        "@pixi/sprite": "5.2.4",
        "@pixi/utils": "5.2.4"
      }
    },
    "node_modules/@pixi/spritesheet": {
      "version": "5.2.4",
      "resolved": "https://registry.npmjs.org/@pixi/spritesheet/-/spritesheet-5.2.4.tgz",
      "integrity": "sha512-ytmc5sHXE0BmQe+QZ6SlldmPEWsqADBPQuYG3PolYkpt9Kt54vLTpFQGxS3xFGi2kHmNaKeuNSRFvfAjASOdCA==",
      "dependencies": {
        "@pixi/core": "5.2.4",
        "@pixi/loaders": "5.2.4",
        "@pixi/math": "5.2.4",
        "@pixi/utils": "5.2.4"
      }
    },
    "node_modules/@pixi/text": {
      "version": "5.2.4",
      "resolved": "https://registry.npmjs.org/@pixi/text/-/text-5.2.4.tgz",
      "integrity": "sha512-fxuqMuKZeiZYwCM8oJDN+wXCMt5kRWVOFDInXvUEdeR6rg369YAk3qJeSDIoPTxASJJLPJ5a7b87JsVibxxErg==",
      "dependencies": {
        "@pixi/core": "5.2.4",
        "@pixi/math": "5.2.4",
        "@pixi/settings": "5.2.4",
        "@pixi/sprite": "5.2.4",
        "@pixi/utils": "5.2.4"
      }
    },
    "node_modules/@pixi/text-bitmap": {
      "version": "5.2.4",
      "resolved": "https://registry.npmjs.org/@pixi/text-bitmap/-/text-bitmap-5.2.4.tgz",
      "integrity": "sha512-D6XLAiVwE9NI4DWfmX4IEcfpt12ljUgRxXjXl1LM9mAVjWO2llbAvlT06w9QqJIOhncCs0QHM/ICxl22xE04hQ==",
      "dependencies": {
        "@pixi/core": "5.2.4",
        "@pixi/display": "5.2.4",
        "@pixi/loaders": "5.2.4",
        "@pixi/math": "5.2.4",
        "@pixi/settings": "5.2.4",
        "@pixi/sprite": "5.2.4",
        "@pixi/utils": "5.2.4"
      }
    },
    "node_modules/@pixi/ticker": {
      "version": "5.2.4",
      "resolved": "https://registry.npmjs.org/@pixi/ticker/-/ticker-5.2.4.tgz",
      "integrity": "sha512-xM7kN+zhnv/q8WNrQ/EJKzmJBrhLcE7HtKFP2v0R3x7N76fqZu6a87C5ioNqJ8rKTThZ8wDOQ2sCN0tlapRFyg==",
      "dependencies": {
        "@pixi/settings": "5.2.4"
      }
    },
    "node_modules/@pixi/utils": {
      "version": "5.2.4",
      "resolved": "https://registry.npmjs.org/@pixi/utils/-/utils-5.2.4.tgz",
      "integrity": "sha512-n/HFBp5MJaF8vrGUbDcf6TuaUmEW07nv96Y0c6teHhnl942pg1XITogOugnU31sW81Z9ra1BG8D39zU4JU0oSA==",
      "dependencies": {
        "@pixi/constants": "5.2.4",
        "@pixi/settings": "5.2.4",
        "earcut": "^2.1.5",
        "eventemitter3": "^3.1.0",
        "url": "^0.11.0"
      }
    },
    "node_modules/@types/node": {
      "version": "13.13.52",
      "resolved": "https://registry.npmjs.org/@types/node/-/node-13.13.52.tgz",
      "integrity": "sha512-s3nugnZumCC//n4moGGe6tkNMyYEdaDBitVjwPxXmR5lnMG5dHePinH2EdxkG3Rh1ghFHHixAG4NJhpJW1rthQ=="
    },
    "node_modules/@types/nw.gui": {
      "version": "0.0.21",
      "resolved": "https://registry.npmjs.org/@types/nw.gui/-/nw.gui-0.0.21.tgz",
      "integrity": "sha512-rxHmxwiPe8PWzUrW4btdESqJ3WRCoS9abx6yiis++i1sILJvoGAjJ4Eizepuly3kWzq5AP7MuERjw+9xahxGKw=="
    },
    "node_modules/@types/pako": {
      "version": "2.0.0",
      "resolved": "https://registry.npmjs.org/@types/pako/-/pako-2.0.0.tgz",
      "integrity": "sha512-10+iaz93qR5WYxTo+PMifD5TSxiOtdRaxBf7INGGXMQgTCu8Z/7GYWYFUOS3q/G0nE5boj1r4FEB+WSy7s5gbA=="
    },
    "node_modules/@types/pixi.js": {
      "version": "5.0.0",
      "resolved": "https://registry.npmjs.org/@types/pixi.js/-/pixi.js-5.0.0.tgz",
      "integrity": "sha512-yZqQBR043lRBlBZci2cx6hgmX0fvBfYIqFm6VThlnueXEjitxd3coy+BGsqsZ7+ary7O//+ks4aJRhC5MJoHqA==",
      "deprecated": "This is a stub types definition. pixi.js provides its own type definitions, so you do not need this installed.",
      "dependencies": {
        "pixi.js": "*"
      }
    },
    "node_modules/earcut": {
      "version": "2.2.4",
      "resolved": "https://registry.npmjs.org/earcut/-/earcut-2.2.4.tgz",
      "integrity": "sha512-/pjZsA1b4RPHbeWZQn66SWS8nZZWLQQ23oE3Eam7aroEFGEvwKAsJfZ9ytiEMycfzXWpca4FA9QIOehf7PocBQ=="
    },
    "node_modules/es6-promise-polyfill": {
      "version": "1.2.0",
      "resolved": "https://registry.npmjs.org/es6-promise-polyfill/-/es6-promise-polyfill-1.2.0.tgz",
      "integrity": "sha512-HHb0vydCpoclpd0ySPkRXMmBw80MRt1wM4RBJBlXkux97K7gleabZdsR0gvE1nNPM9mgOZIBTzjjXiPxf4lIqQ=="
    },
    "node_modules/eventemitter3": {
      "version": "3.1.2",
      "resolved": "https://registry.npmjs.org/eventemitter3/-/eventemitter3-3.1.2.tgz",
      "integrity": "sha512-tvtQIeLVHjDkJYnzf2dgVMxfuSGJeM/7UCG17TT4EumTfNtF+0nebF/4zWOIkCreAbtNqhGEboB6BWrwqNaw4Q=="
    },
    "node_modules/immediate": {
      "version": "3.0.6",
      "resolved": "https://registry.npmjs.org/immediate/-/immediate-3.0.6.tgz",
      "integrity": "sha512-XXOFtyqDjNDAQxVfYxuF7g9Il/IbWmmlQg2MYKOH8ExIT1qg6xc4zyS3HaEEATgs1btfzxq15ciUiY7gjSXRGQ=="
    },
    "node_modules/ismobilejs": {
      "version": "1.1.1",
      "resolved": "https://registry.npmjs.org/ismobilejs/-/ismobilejs-1.1.1.tgz",
      "integrity": "sha512-VaFW53yt8QO61k2WJui0dHf4SlL8lxBofUuUmwBo0ljPk0Drz2TiuDW4jo3wDcv41qy/SxrJ+VAzJ/qYqsmzRw=="
    },
    "node_modules/lie": {
      "version": "3.1.1",
      "resolved": "https://registry.npmjs.org/lie/-/lie-3.1.1.tgz",
      "integrity": "sha512-RiNhHysUjhrDQntfYSfY4MU24coXXdEOgw9WGcKHNeEwffDYbF//u87M1EWaMGzuFoSbqW0C9C6lEEhDOAswfw==",
      "dependencies": {
        "immediate": "~3.0.5"
      }
    },
    "node_modules/localforage": {
      "version": "1.10.0",
      "resolved": "https://registry.npmjs.org/localforage/-/localforage-1.10.0.tgz",
      "integrity": "sha512-14/H1aX7hzBBmmh7sGPd+AOMkkIrHM3Z1PAyGgZigA1H1p5O5ANnMyWzvpAETtG68/dC4pC0ncy3+PPGzXZHPg==",
      "dependencies": {
        "lie": "3.1.1"
      }
    },
    "node_modules/mini-signals": {
      "version": "1.2.0",
      "resolved": "https://registry.npmjs.org/mini-signals/-/mini-signals-1.2.0.tgz",
      "integrity": "sha512-alffqMkGCjjTSwvYMVLx+7QeJ6sTuxbXqBkP21my4iWU5+QpTQAJt3h7htA1OKm9F3BpMM0vnu72QIoiJakrLA=="
    },
    "node_modules/object-assign": {
      "version": "4.1.1",
      "resolved": "https://registry.npmjs.org/object-assign/-/object-assign-4.1.1.tgz",
      "integrity": "sha512-rJgTQnkUnH1sFw8yT6VSU3zD3sWmu6sZhIseY8VX+GRu3P6F7Fu+JNDoXfklElbLJSnc3FUQHVe4cU5hj+BcUg==",
      "engines": {
        "node": ">=0.10.0"
      }
    },
    "node_modules/parse-uri": {
      "version": "1.0.7",
      "resolved": "https://registry.npmjs.org/parse-uri/-/parse-uri-1.0.7.tgz",
      "integrity": "sha512-eWuZCMKNlVkXrEoANdXxbmqhu2SQO9jUMCSpdbJDObin0JxISn6e400EWsSRbr/czdKvWKkhZnMKEGUwf/Plmg==",
      "engines": {
        "node": ">= 0.10"
      }
    },
    "node_modules/pixi.js": {
      "version": "5.2.4",
      "resolved": "https://registry.npmjs.org/pixi.js/-/pixi.js-5.2.4.tgz",
      "integrity": "sha512-QNmWPI1VscGleR2jUDiBlH9Lq8wh5mqi6K8RRUpW3O1xOXAKDTpD/TPA9EHzkYI9axag/AcChS7aiJVnwV2ytw==",
      "dependencies": {
        "@pixi/accessibility": "5.2.4",
        "@pixi/app": "5.2.4",
        "@pixi/constants": "5.2.4",
        "@pixi/core": "5.2.4",
        "@pixi/display": "5.2.4",
        "@pixi/extract": "5.2.4",
        "@pixi/filter-alpha": "5.2.4",
        "@pixi/filter-blur": "5.2.4",
        "@pixi/filter-color-matrix": "5.2.4",
        "@pixi/filter-displacement": "5.2.4",
        "@pixi/filter-fxaa": "5.2.4",
        "@pixi/filter-noise": "5.2.4",
        "@pixi/graphics": "5.2.4",
        "@pixi/interaction": "5.2.4",
        "@pixi/loaders": "5.2.4",
        "@pixi/math": "5.2.4",
        "@pixi/mesh": "5.2.4",
        "@pixi/mesh-extras": "5.2.4",
        "@pixi/mixin-cache-as-bitmap": "5.2.4",
        "@pixi/mixin-get-child-by-name": "5.2.4",
        "@pixi/mixin-get-global-position": "5.2.4",
        "@pixi/particles": "5.2.4",
        "@pixi/polyfill": "5.2.4",
        "@pixi/prepare": "5.2.4",
        "@pixi/runner": "5.2.4",
        "@pixi/settings": "5.2.4",
        "@pixi/sprite": "5.2.4",
        "@pixi/sprite-animated": "5.2.4",
        "@pixi/sprite-tiling": "5.2.4",
        "@pixi/spritesheet": "5.2.4",
        "@pixi/text": "5.2.4",
        "@pixi/text-bitmap": "5.2.4",
        "@pixi/ticker": "5.2.4",
        "@pixi/utils": "5.2.4"
      },
      "funding": {
        "type": "opencollective",
        "url": "https://opencollective.com/pixijs"
      }
    },
    "node_modules/punycode": {
      "version": "1.3.2",
      "resolved": "https://registry.npmjs.org/punycode/-/punycode-1.3.2.tgz",
      "integrity": "sha512-RofWgt/7fL5wP1Y7fxE7/EmTLzQVnB0ycyibJ0OOHIlJqTNzglYFxVwETOcIoJqJmpDXJ9xImDv+Fq34F/d4Dw=="
    },
    "node_modules/querystring": {
      "version": "0.2.0",
      "resolved": "https://registry.npmjs.org/querystring/-/querystring-0.2.0.tgz",
      "integrity": "sha512-X/xY82scca2tau62i9mDyU9K+I+djTMUsvwf7xnUX5GLvVzgJybOJf4Y6o9Zx3oJK/LSXg5tTZBjwzqVPaPO2g==",
      "deprecated": "The querystring API is considered Legacy. new code should use the URLSearchParams API instead.",
      "engines": {
        "node": ">=0.4.x"
      }
    },
    "node_modules/resource-loader": {
      "version": "3.0.1",
      "resolved": "https://registry.npmjs.org/resource-loader/-/resource-loader-3.0.1.tgz",
      "integrity": "sha512-fBuCRbEHdLCI1eglzQhUv9Rrdcmqkydr1r6uHE2cYHvRBrcLXeSmbE/qI/urFt8rPr/IGxir3BUwM5kUK8XoyA==",
      "dependencies": {
        "mini-signals": "^1.2.0",
        "parse-uri": "^1.0.0"
      }
    },
    "node_modules/url": {
      "version": "0.11.0",
      "resolved": "https://registry.npmjs.org/url/-/url-0.11.0.tgz",
      "integrity": "sha512-kbailJa29QrtXnxgq+DdCEGlbTeYM2eJUxsz6vjZavrCYPMIFHMKQmSKYAIuUK2i7hgPm28a8piX5NTUtM/LKQ==",
      "dependencies": {
        "punycode": "1.3.2",
        "querystring": "0.2.0"
      }
    }
  },
  "dependencies": {
    "@pixi/accessibility": {
      "version": "5.2.4",
      "resolved": "https://registry.npmjs.org/@pixi/accessibility/-/accessibility-5.2.4.tgz",
      "integrity": "sha512-NaHYuUqD4vmYRTvleQpR2Rc7mYHgreX+WYCXYa8gQghoTa1J1zfbFvYJaby3gubuVmNG2eyzjlKIVUeIrVuJCg==",
      "requires": {
        "@pixi/core": "5.2.4",
        "@pixi/display": "5.2.4",
        "@pixi/utils": "5.2.4"
      }
    },
    "@pixi/app": {
      "version": "5.2.4",
      "resolved": "https://registry.npmjs.org/@pixi/app/-/app-5.2.4.tgz",
      "integrity": "sha512-3BSp1uZJUnctTqsvmVqIRXwS0Uq2GInVvWmrZQF7+6O5neADVX4Ba7ENh7CnmuPXnMPmwxt1788I20aUi3ld1Q==",
      "requires": {
        "@pixi/core": "5.2.4",
        "@pixi/display": "5.2.4"
      }
    },
    "@pixi/constants": {
      "version": "5.2.4",
      "resolved": "https://registry.npmjs.org/@pixi/constants/-/constants-5.2.4.tgz",
      "integrity": "sha512-+sMfU57VTQb5DkDtndCBg3PzyC8NxZJvg/R76tuopkZZ5AgI4aAE6hNMs0JzvalzYNIampzwpdZ1gz5UKvL1dQ=="
    },
    "@pixi/core": {
      "version": "5.2.4",
      "resolved": "https://registry.npmjs.org/@pixi/core/-/core-5.2.4.tgz",
      "integrity": "sha512-3RXoqtMqCGZFDLNiBp1l6HAnnNvKsCn3D4m3NvrrIhcaPFxD8bSPZaHEaTq6BaStOGWhpofRy+RLtFfYciQLiA==",
      "requires": {
        "@pixi/constants": "5.2.4",
        "@pixi/display": "5.2.4",
        "@pixi/math": "5.2.4",
        "@pixi/runner": "5.2.4",
        "@pixi/settings": "5.2.4",
        "@pixi/ticker": "5.2.4",
        "@pixi/utils": "5.2.4"
      }
    },
    "@pixi/display": {
      "version": "5.2.4",
      "resolved": "https://registry.npmjs.org/@pixi/display/-/display-5.2.4.tgz",
      "integrity": "sha512-VndYAcumBeHCJuUZ4HaCTFZ4+T7Ncemam9FcAsMqlu3P9BCu8LMuARv0lLKWIV0jz+nBF7qKzLfpJoNYF64Mgw==",
      "requires": {
        "@pixi/math": "5.2.4",
        "@pixi/settings": "5.2.4",
        "@pixi/utils": "5.2.4"
      }
    },
    "@pixi/extract": {
      "version": "5.2.4",
      "resolved": "https://registry.npmjs.org/@pixi/extract/-/extract-5.2.4.tgz",
      "integrity": "sha512-en9ZIa+9k0owQxQPj5U5jT1GaDAAqOn5mlF6Pn6xXOkRi8npUnpj1zpNtcG0kn8ZMufJVmyyI33lMl6NPzLzsQ==",
      "requires": {
        "@pixi/core": "5.2.4",
        "@pixi/math": "5.2.4",
        "@pixi/utils": "5.2.4"
      }
    },
    "@pixi/filter-alpha": {
      "version": "5.2.4",
      "resolved": "https://registry.npmjs.org/@pixi/filter-alpha/-/filter-alpha-5.2.4.tgz",
      "integrity": "sha512-WdQyqPUM60z16pXH+aAWwy/Xrfx/Qgb9kf3GRAQq77WsxbrFVY/DGfakxNa+jDuSlS4fBIKx66iLnoLlOzA6iQ==",
      "requires": {
        "@pixi/core": "5.2.4"
      }
    },
    "@pixi/filter-blur": {
      "version": "5.2.4",
      "resolved": "https://registry.npmjs.org/@pixi/filter-blur/-/filter-blur-5.2.4.tgz",
      "integrity": "sha512-9uDr7QIRpuhxdZsO76AddIP2x2MbcQvErQjmjQEfLsectbCLdkRWjHPoLzFfARb58lNzT0Pe5EMVPI91usa1pA==",
      "requires": {
        "@pixi/core": "5.2.4",
        "@pixi/settings": "5.2.4"
      }
    },
    "@pixi/filter-color-matrix": {
      "version": "5.2.4",
      "resolved": "https://registry.npmjs.org/@pixi/filter-color-matrix/-/filter-color-matrix-5.2.4.tgz",
      "integrity": "sha512-3JQVtKb43SLticOWhIoWWykNCh2MK/wb4/p88LYew3kAUyfA2glZ+t2moYC3HAye3tsrc155go6m7Hqabpl/yQ==",
      "requires": {
        "@pixi/core": "5.2.4"
      }
    },
    "@pixi/filter-displacement": {
      "version": "5.2.4",
      "resolved": "https://registry.npmjs.org/@pixi/filter-displacement/-/filter-displacement-5.2.4.tgz",
      "integrity": "sha512-nDQ6PcVbHcs0EJu5chtqzI6gF92K34JgfUSrr5pnLwwzbwr2/KQjgRPyRXLLv2rj/HU8pzNLzqRXBWP4qewu6w==",
      "requires": {
        "@pixi/core": "5.2.4",
        "@pixi/math": "5.2.4"
      }
    },
    "@pixi/filter-fxaa": {
      "version": "5.2.4",
      "resolved": "https://registry.npmjs.org/@pixi/filter-fxaa/-/filter-fxaa-5.2.4.tgz",
      "integrity": "sha512-sikOIA6iw/9MejbFL6AZqO6KP9l6QyXYUH2RQVk7zGG75aps4zVXPHgUnz9aT1YASuaWBVP9+ViQPdW2NM5a6g==",
      "requires": {
        "@pixi/core": "5.2.4"
      }
    },
    "@pixi/filter-noise": {
      "version": "5.2.4",
      "resolved": "https://registry.npmjs.org/@pixi/filter-noise/-/filter-noise-5.2.4.tgz",
      "integrity": "sha512-VcI16NVwrFIDRlLke+BZQid96rKxysTavL/qexa7uHxnxxOwdXthpBA/uOQ6eNde4DJyeBAhnyldUM9ydPeOXQ==",
      "requires": {
        "@pixi/core": "5.2.4"
      }
    },
    "@pixi/graphics": {
      "version": "5.2.4",
      "resolved": "https://registry.npmjs.org/@pixi/graphics/-/graphics-5.2.4.tgz",
      "integrity": "sha512-jASQ2M9+Zzm4GmBE+h6lw30xY/0N1GjAn2Dxd8LJZoeeUjAoVQYbN1CavecPGMRW/Rd0QkkHB5B8iWqZX2Uuxg==",
      "requires": {
        "@pixi/constants": "5.2.4",
        "@pixi/core": "5.2.4",
        "@pixi/display": "5.2.4",
        "@pixi/math": "5.2.4",
        "@pixi/sprite": "5.2.4",
        "@pixi/utils": "5.2.4"
      }
    },
    "@pixi/interaction": {
      "version": "5.2.4",
      "resolved": "https://registry.npmjs.org/@pixi/interaction/-/interaction-5.2.4.tgz",
      "integrity": "sha512-c6EzDRcCFmixpRuwY4xIr9I0ppxmkp8b8mP3qSwvMkY5vsMXazhshhtw0SwTA5mdG6vGV93DnZIevFr+qLvA/Q==",
      "requires": {
        "@pixi/core": "5.2.4",
        "@pixi/display": "5.2.4",
        "@pixi/math": "5.2.4",
        "@pixi/ticker": "5.2.4",
        "@pixi/utils": "5.2.4"
      }
    },
    "@pixi/loaders": {
      "version": "5.2.4",
      "resolved": "https://registry.npmjs.org/@pixi/loaders/-/loaders-5.2.4.tgz",
      "integrity": "sha512-MeQd59+sB1ZGhpKGY0w3Ef8cFiWm/yv22MDVM3Hqg1VCu81NjiUrJUGUGALIU8CXI3NfiT+J1zyddslmyJJZjQ==",
      "requires": {
        "@pixi/core": "5.2.4",
        "@pixi/utils": "5.2.4",
        "resource-loader": "^3.0.1"
      }
    },
    "@pixi/math": {
      "version": "5.2.4",
      "resolved": "https://registry.npmjs.org/@pixi/math/-/math-5.2.4.tgz",
      "integrity": "sha512-X7tRbNYuc8c/2GyUhe7togF5rflyU4k9ny8aRmvmIHZsJGFU0w+DmCSCnrHm7b6sQvhu6pXQPGQUADPOBtvb+g=="
    },
    "@pixi/mesh": {
      "version": "5.2.4",
      "resolved": "https://registry.npmjs.org/@pixi/mesh/-/mesh-5.2.4.tgz",
      "integrity": "sha512-OS/KcPgftOh6eE4ZHyC3dCc8nNbOXOq0Va69kwUTfHZLi63vjz03hXiYY/KRJ4tds9+/zCjLeLoBBglqLBBuvg==",
      "requires": {
        "@pixi/constants": "5.2.4",
        "@pixi/core": "5.2.4",
        "@pixi/display": "5.2.4",
        "@pixi/math": "5.2.4",
        "@pixi/settings": "5.2.4",
        "@pixi/utils": "5.2.4"
      }
    },
    "@pixi/mesh-extras": {
      "version": "5.2.4",
      "resolved": "https://registry.npmjs.org/@pixi/mesh-extras/-/mesh-extras-5.2.4.tgz",
      "integrity": "sha512-WQ7H5K4TMeAQyiUJfzZ5UuKY0GF+6JHazhaAc2DhnF5gz2CdvmL0qOiQ4Dad21+VfKzbhC66fP2YfvMHIrWRuw==",
      "requires": {
        "@pixi/constants": "5.2.4",
        "@pixi/core": "5.2.4",
        "@pixi/math": "5.2.4",
        "@pixi/mesh": "5.2.4",
        "@pixi/utils": "5.2.4"
      }
    },
    "@pixi/mixin-cache-as-bitmap": {
      "version": "5.2.4",
      "resolved": "https://registry.npmjs.org/@pixi/mixin-cache-as-bitmap/-/mixin-cache-as-bitmap-5.2.4.tgz",
      "integrity": "sha512-Ec/GgqFbE3upEnLDfHCoKzGulozLRCRRXpzD3bS4uHjiZfOOdSYuPKb+UGSxvntAkEUv9k+AKff2+pEPLf15ag==",
      "requires": {
        "@pixi/core": "5.2.4",
        "@pixi/display": "5.2.4",
        "@pixi/math": "5.2.4",
        "@pixi/settings": "5.2.4",
        "@pixi/sprite": "5.2.4",
        "@pixi/utils": "5.2.4"
      }
    },
    "@pixi/mixin-get-child-by-name": {
      "version": "5.2.4",
      "resolved": "https://registry.npmjs.org/@pixi/mixin-get-child-by-name/-/mixin-get-child-by-name-5.2.4.tgz",
      "integrity": "sha512-ykAtO1T1q1nC/VFl2ieB2ivhoCmD7NU5mAvCp3sd1nx1bTnAXuwPkg6IAxvSkGMkDdL1rzmHBFS3SsggLs6GGg==",
      "requires": {
        "@pixi/display": "5.2.4"
      }
    },
    "@pixi/mixin-get-global-position": {
      "version": "5.2.4",
      "resolved": "https://registry.npmjs.org/@pixi/mixin-get-global-position/-/mixin-get-global-position-5.2.4.tgz",
      "integrity": "sha512-JX3QD3kbxIabnAz+IJxzdO4NWipwiUbMg9ByrPs4Ni/4d8L62DnPG6DFwqbmMA+jsHDHpC1g+ITVpz6Slf0CcQ==",
      "requires": {
        "@pixi/display": "5.2.4",
        "@pixi/math": "5.2.4"
      }
    },
    "@pixi/particles": {
      "version": "5.2.4",
      "resolved": "https://registry.npmjs.org/@pixi/particles/-/particles-5.2.4.tgz",
      "integrity": "sha512-jjr63o1R0OVXKafmmrYLKxCDqqcfdZcwn2dPn4c22QCtRhIBclyFfcupXnIgDaV4WA9V+exa69+enE5pPEboRw==",
      "requires": {
        "@pixi/constants": "5.2.4",
        "@pixi/core": "5.2.4",
        "@pixi/display": "5.2.4",
        "@pixi/math": "5.2.4",
        "@pixi/utils": "5.2.4"
      }
    },
    "@pixi/polyfill": {
      "version": "5.2.4",
      "resolved": "https://registry.npmjs.org/@pixi/polyfill/-/polyfill-5.2.4.tgz",
      "integrity": "sha512-XCb1xnRxtGT3ZuvtNVmKrSNszpyuMRtGufqpD0fou3BhonWFscCXZfCvx+vVTSJcztJ4tfP3H7BeatY6dc72Ag==",
      "requires": {
        "es6-promise-polyfill": "^1.2.0",
        "object-assign": "^4.1.1"
      }
    },
    "@pixi/prepare": {
      "version": "5.2.4",
      "resolved": "https://registry.npmjs.org/@pixi/prepare/-/prepare-5.2.4.tgz",
      "integrity": "sha512-LqVvwBTbSGhJx5lqt5B1plgXGUHhRhWh1Ek+7uBrw10fbUfVb0kH1EUvWyt1wkuap2QKvy6ITzrHsg6pBU8JSQ==",
      "requires": {
        "@pixi/core": "5.2.4",
        "@pixi/display": "5.2.4",
        "@pixi/graphics": "5.2.4",
        "@pixi/settings": "5.2.4",
        "@pixi/text": "5.2.4",
        "@pixi/ticker": "5.2.4"
      }
    },
    "@pixi/runner": {
      "version": "5.2.4",
      "resolved": "https://registry.npmjs.org/@pixi/runner/-/runner-5.2.4.tgz",
      "integrity": "sha512-VLXZaldao2PT9vM/ea1H6nbUacokRqHbsBWvuJr5ugF+PLY9cGf6L5T6TGyNUuXp2b8RlIKeTxPig3kgL7CS2Q=="
    },
    "@pixi/settings": {
      "version": "5.2.4",
      "resolved": "https://registry.npmjs.org/@pixi/settings/-/settings-5.2.4.tgz",
      "integrity": "sha512-jF8oYx5nXNi6D3PdIB2RAKnCrekZ4Xb81KvWSzId2TXTC9p71oMPUqiK8pogaLOhWBUdDsVNNdjiZO2ajTmwOQ==",
      "requires": {
        "ismobilejs": "^1.1.0"
      }
    },
    "@pixi/sprite": {
      "version": "5.2.4",
      "resolved": "https://registry.npmjs.org/@pixi/sprite/-/sprite-5.2.4.tgz",
      "integrity": "sha512-YsR3D/XxU4XQLXB/MkZ5sSkM24EK1TDBbTSAHjbXJR+PgrP1ZE2oA0MuUwjug4BqZdJH3BTUUZKfUfwY8grXuA==",
      "requires": {
        "@pixi/constants": "5.2.4",
        "@pixi/core": "5.2.4",
        "@pixi/display": "5.2.4",
        "@pixi/math": "5.2.4",
        "@pixi/settings": "5.2.4",
        "@pixi/utils": "5.2.4"
      }
    },
    "@pixi/sprite-animated": {
      "version": "5.2.4",
      "resolved": "https://registry.npmjs.org/@pixi/sprite-animated/-/sprite-animated-5.2.4.tgz",
      "integrity": "sha512-7+OoaHpLbHKAQe1wlY11u7gNu5KoNINJWGlsc7wFRHOW6QpNaOTaWyttpLQDfrLe0Z+rAawdqj0252nSKWRNPw==",
      "requires": {
        "@pixi/core": "5.2.4",
        "@pixi/sprite": "5.2.4",
        "@pixi/ticker": "5.2.4"
      }
    },
    "@pixi/sprite-tiling": {
      "version": "5.2.4",
      "resolved": "https://registry.npmjs.org/@pixi/sprite-tiling/-/sprite-tiling-5.2.4.tgz",
      "integrity": "sha512-eCI/L0PvsiEmASQfGH2Wxk0yh+Ze0sNJT5bID1FFZaeOLVvOuRG6dKxEF32RamB/yzrQUyOwQDMtw3Ec3ZY/YQ==",
      "requires": {
        "@pixi/constants": "5.2.4",
        "@pixi/core": "5.2.4",
        "@pixi/display": "5.2.4",
        "@pixi/math": "5.2.4",
        "@pixi/sprite": "5.2.4",
        "@pixi/utils": "5.2.4"
      }
    },
    "@pixi/spritesheet": {
      "version": "5.2.4",
      "resolved": "https://registry.npmjs.org/@pixi/spritesheet/-/spritesheet-5.2.4.tgz",
      "integrity": "sha512-ytmc5sHXE0BmQe+QZ6SlldmPEWsqADBPQuYG3PolYkpt9Kt54vLTpFQGxS3xFGi2kHmNaKeuNSRFvfAjASOdCA==",
      "requires": {
        "@pixi/core": "5.2.4",
        "@pixi/loaders": "5.2.4",
        "@pixi/math": "5.2.4",
        "@pixi/utils": "5.2.4"
      }
    },
    "@pixi/text": {
      "version": "5.2.4",
      "resolved": "https://registry.npmjs.org/@pixi/text/-/text-5.2.4.tgz",
      "integrity": "sha512-fxuqMuKZeiZYwCM8oJDN+wXCMt5kRWVOFDInXvUEdeR6rg369YAk3qJeSDIoPTxASJJLPJ5a7b87JsVibxxErg==",
      "requires": {
        "@pixi/core": "5.2.4",
        "@pixi/math": "5.2.4",
        "@pixi/settings": "5.2.4",
        "@pixi/sprite": "5.2.4",
        "@pixi/utils": "5.2.4"
      }
    },
    "@pixi/text-bitmap": {
      "version": "5.2.4",
      "resolved": "https://registry.npmjs.org/@pixi/text-bitmap/-/text-bitmap-5.2.4.tgz",
      "integrity": "sha512-D6XLAiVwE9NI4DWfmX4IEcfpt12ljUgRxXjXl1LM9mAVjWO2llbAvlT06w9QqJIOhncCs0QHM/ICxl22xE04hQ==",
      "requires": {
        "@pixi/core": "5.2.4",
        "@pixi/display": "5.2.4",
        "@pixi/loaders": "5.2.4",
        "@pixi/math": "5.2.4",
        "@pixi/settings": "5.2.4",
        "@pixi/sprite": "5.2.4",
        "@pixi/utils": "5.2.4"
      }
    },
    "@pixi/ticker": {
      "version": "5.2.4",
      "resolved": "https://registry.npmjs.org/@pixi/ticker/-/ticker-5.2.4.tgz",
      "integrity": "sha512-xM7kN+zhnv/q8WNrQ/EJKzmJBrhLcE7HtKFP2v0R3x7N76fqZu6a87C5ioNqJ8rKTThZ8wDOQ2sCN0tlapRFyg==",
      "requires": {
        "@pixi/settings": "5.2.4"
      }
    },
    "@pixi/utils": {
      "version": "5.2.4",
      "resolved": "https://registry.npmjs.org/@pixi/utils/-/utils-5.2.4.tgz",
      "integrity": "sha512-n/HFBp5MJaF8vrGUbDcf6TuaUmEW07nv96Y0c6teHhnl942pg1XITogOugnU31sW81Z9ra1BG8D39zU4JU0oSA==",
      "requires": {
        "@pixi/constants": "5.2.4",
        "@pixi/settings": "5.2.4",
        "earcut": "^2.1.5",
        "eventemitter3": "^3.1.0",
        "url": "^0.11.0"
      }
    },
    "@types/node": {
      "version": "13.13.52",
      "resolved": "https://registry.npmjs.org/@types/node/-/node-13.13.52.tgz",
      "integrity": "sha512-s3nugnZumCC//n4moGGe6tkNMyYEdaDBitVjwPxXmR5lnMG5dHePinH2EdxkG3Rh1ghFHHixAG4NJhpJW1rthQ=="
    },
    "@types/nw.gui": {
      "version": "0.0.21",
      "resolved": "https://registry.npmjs.org/@types/nw.gui/-/nw.gui-0.0.21.tgz",
      "integrity": "sha512-rxHmxwiPe8PWzUrW4btdESqJ3WRCoS9abx6yiis++i1sILJvoGAjJ4Eizepuly3kWzq5AP7MuERjw+9xahxGKw=="
    },
    "@types/pako": {
      "version": "2.0.0",
      "resolved": "https://registry.npmjs.org/@types/pako/-/pako-2.0.0.tgz",
      "integrity": "sha512-10+iaz93qR5WYxTo+PMifD5TSxiOtdRaxBf7INGGXMQgTCu8Z/7GYWYFUOS3q/G0nE5boj1r4FEB+WSy7s5gbA=="
    },
    "@types/pixi.js": {
      "version": "5.0.0",
      "resolved": "https://registry.npmjs.org/@types/pixi.js/-/pixi.js-5.0.0.tgz",
      "integrity": "sha512-yZqQBR043lRBlBZci2cx6hgmX0fvBfYIqFm6VThlnueXEjitxd3coy+BGsqsZ7+ary7O//+ks4aJRhC5MJoHqA==",
      "requires": {
        "pixi.js": "*"
      }
    },
    "earcut": {
      "version": "2.2.4",
      "resolved": "https://registry.npmjs.org/earcut/-/earcut-2.2.4.tgz",
      "integrity": "sha512-/pjZsA1b4RPHbeWZQn66SWS8nZZWLQQ23oE3Eam7aroEFGEvwKAsJfZ9ytiEMycfzXWpca4FA9QIOehf7PocBQ=="
    },
    "es6-promise-polyfill": {
      "version": "1.2.0",
      "resolved": "https://registry.npmjs.org/es6-promise-polyfill/-/es6-promise-polyfill-1.2.0.tgz",
      "integrity": "sha512-HHb0vydCpoclpd0ySPkRXMmBw80MRt1wM4RBJBlXkux97K7gleabZdsR0gvE1nNPM9mgOZIBTzjjXiPxf4lIqQ=="
    },
    "eventemitter3": {
      "version": "3.1.2",
      "resolved": "https://registry.npmjs.org/eventemitter3/-/eventemitter3-3.1.2.tgz",
      "integrity": "sha512-tvtQIeLVHjDkJYnzf2dgVMxfuSGJeM/7UCG17TT4EumTfNtF+0nebF/4zWOIkCreAbtNqhGEboB6BWrwqNaw4Q=="
    },
    "immediate": {
      "version": "3.0.6",
      "resolved": "https://registry.npmjs.org/immediate/-/immediate-3.0.6.tgz",
      "integrity": "sha512-XXOFtyqDjNDAQxVfYxuF7g9Il/IbWmmlQg2MYKOH8ExIT1qg6xc4zyS3HaEEATgs1btfzxq15ciUiY7gjSXRGQ=="
    },
    "ismobilejs": {
      "version": "1.1.1",
      "resolved": "https://registry.npmjs.org/ismobilejs/-/ismobilejs-1.1.1.tgz",
      "integrity": "sha512-VaFW53yt8QO61k2WJui0dHf4SlL8lxBofUuUmwBo0ljPk0Drz2TiuDW4jo3wDcv41qy/SxrJ+VAzJ/qYqsmzRw=="
    },
    "lie": {
      "version": "3.1.1",
      "resolved": "https://registry.npmjs.org/lie/-/lie-3.1.1.tgz",
      "integrity": "sha512-RiNhHysUjhrDQntfYSfY4MU24coXXdEOgw9WGcKHNeEwffDYbF//u87M1EWaMGzuFoSbqW0C9C6lEEhDOAswfw==",
      "requires": {
        "immediate": "~3.0.5"
      }
    },
    "localforage": {
      "version": "1.10.0",
      "resolved": "https://registry.npmjs.org/localforage/-/localforage-1.10.0.tgz",
      "integrity": "sha512-14/H1aX7hzBBmmh7sGPd+AOMkkIrHM3Z1PAyGgZigA1H1p5O5ANnMyWzvpAETtG68/dC4pC0ncy3+PPGzXZHPg==",
      "requires": {
        "lie": "3.1.1"
      }
    },
    "mini-signals": {
      "version": "1.2.0",
      "resolved": "https://registry.npmjs.org/mini-signals/-/mini-signals-1.2.0.tgz",
      "integrity": "sha512-alffqMkGCjjTSwvYMVLx+7QeJ6sTuxbXqBkP21my4iWU5+QpTQAJt3h7htA1OKm9F3BpMM0vnu72QIoiJakrLA=="
    },
    "object-assign": {
      "version": "4.1.1",
      "resolved": "https://registry.npmjs.org/object-assign/-/object-assign-4.1.1.tgz",
      "integrity": "sha512-rJgTQnkUnH1sFw8yT6VSU3zD3sWmu6sZhIseY8VX+GRu3P6F7Fu+JNDoXfklElbLJSnc3FUQHVe4cU5hj+BcUg=="
    },
    "parse-uri": {
      "version": "1.0.7",
      "resolved": "https://registry.npmjs.org/parse-uri/-/parse-uri-1.0.7.tgz",
      "integrity": "sha512-eWuZCMKNlVkXrEoANdXxbmqhu2SQO9jUMCSpdbJDObin0JxISn6e400EWsSRbr/czdKvWKkhZnMKEGUwf/Plmg=="
    },
    "pixi.js": {
      "version": "5.2.4",
      "resolved": "https://registry.npmjs.org/pixi.js/-/pixi.js-5.2.4.tgz",
      "integrity": "sha512-QNmWPI1VscGleR2jUDiBlH9Lq8wh5mqi6K8RRUpW3O1xOXAKDTpD/TPA9EHzkYI9axag/AcChS7aiJVnwV2ytw==",
      "requires": {
        "@pixi/accessibility": "5.2.4",
        "@pixi/app": "5.2.4",
        "@pixi/constants": "5.2.4",
        "@pixi/core": "5.2.4",
        "@pixi/display": "5.2.4",
        "@pixi/extract": "5.2.4",
        "@pixi/filter-alpha": "5.2.4",
        "@pixi/filter-blur": "5.2.4",
        "@pixi/filter-color-matrix": "5.2.4",
        "@pixi/filter-displacement": "5.2.4",
        "@pixi/filter-fxaa": "5.2.4",
        "@pixi/filter-noise": "5.2.4",
        "@pixi/graphics": "5.2.4",
        "@pixi/interaction": "5.2.4",
        "@pixi/loaders": "5.2.4",
        "@pixi/math": "5.2.4",
        "@pixi/mesh": "5.2.4",
        "@pixi/mesh-extras": "5.2.4",
        "@pixi/mixin-cache-as-bitmap": "5.2.4",
        "@pixi/mixin-get-child-by-name": "5.2.4",
        "@pixi/mixin-get-global-position": "5.2.4",
        "@pixi/particles": "5.2.4",
        "@pixi/polyfill": "5.2.4",
        "@pixi/prepare": "5.2.4",
        "@pixi/runner": "5.2.4",
        "@pixi/settings": "5.2.4",
        "@pixi/sprite": "5.2.4",
        "@pixi/sprite-animated": "5.2.4",
        "@pixi/sprite-tiling": "5.2.4",
        "@pixi/spritesheet": "5.2.4",
        "@pixi/text": "5.2.4",
        "@pixi/text-bitmap": "5.2.4",
        "@pixi/ticker": "5.2.4",
        "@pixi/utils": "5.2.4"
      }
    },
    "punycode": {
      "version": "1.3.2",
      "resolved": "https://registry.npmjs.org/punycode/-/punycode-1.3.2.tgz",
      "integrity": "sha512-RofWgt/7fL5wP1Y7fxE7/EmTLzQVnB0ycyibJ0OOHIlJqTNzglYFxVwETOcIoJqJmpDXJ9xImDv+Fq34F/d4Dw=="
    },
    "querystring": {
      "version": "0.2.0",
      "resolved": "https://registry.npmjs.org/querystring/-/querystring-0.2.0.tgz",
      "integrity": "sha512-X/xY82scca2tau62i9mDyU9K+I+djTMUsvwf7xnUX5GLvVzgJybOJf4Y6o9Zx3oJK/LSXg5tTZBjwzqVPaPO2g=="
    },
    "resource-loader": {
      "version": "3.0.1",
      "resolved": "https://registry.npmjs.org/resource-loader/-/resource-loader-3.0.1.tgz",
      "integrity": "sha512-fBuCRbEHdLCI1eglzQhUv9Rrdcmqkydr1r6uHE2cYHvRBrcLXeSmbE/qI/urFt8rPr/IGxir3BUwM5kUK8XoyA==",
      "requires": {
        "mini-signals": "^1.2.0",
        "parse-uri": "^1.0.0"
      }
    },
    "url": {
      "version": "0.11.0",
      "resolved": "https://registry.npmjs.org/url/-/url-0.11.0.tgz",
      "integrity": "sha512-kbailJa29QrtXnxgq+DdCEGlbTeYM2eJUxsz6vjZavrCYPMIFHMKQmSKYAIuUK2i7hgPm28a8piX5NTUtM/LKQ==",
      "requires": {
        "punycode": "1.3.2",
        "querystring": "0.2.0"
      }
    }
  }
}
